
Microsoft Visual Studio Solution File, Format Version 11.00
# Visual Studio 2010
Project("{2150E333-8FDC-42A3-9474-1A3956D46DE8}") = "Compiler", "Compiler", "{A7D2EFF2-9234-4529-BFF5-6C01A6893A1A}"
EndProject
Project("{FAE04EC0-301F-11D3-BF4B-00C04F79EFBC}") = "KangaModeling.Compiler", "KangaModeling.Compiler\KangaModeling.Compiler.csproj", "{397211EE-513B-428C-81DE-B9739B113170}"
EndProject
Project("{FAE04EC0-301F-11D3-BF4B-00C04F79EFBC}") = "KangaModeling.Compiler.Test", "KangaModeling.Compiler.Test\KangaModeling.Compiler.Test.csproj", "{6D912773-33FC-4E1F-AAD3-803B4C054865}"
EndProject
Project("{2150E333-8FDC-42A3-9474-1A3956D46DE8}") = "Graphics", "Graphics", "{BBF5AB3C-A94B-410F-B68C-8C4CCB5159BA}"
EndProject
Project("{2150E333-8FDC-42A3-9474-1A3956D46DE8}") = "Solution Items", "Solution Items", "{34D21C09-9AB2-4265-92B0-C1438061673F}"
	ProjectSection(SolutionItems) = preProject
		AllTests.nunit = AllTests.nunit
		AssemblyInfo.Common.cs = AssemblyInfo.Common.cs
	EndProjectSection
EndProject
Project("{2150E333-8FDC-42A3-9474-1A3956D46DE8}") = "Runner", "Runner", "{3517360B-7BE8-465D-AE4D-1B95A45E934E}"
EndProject
Project("{FAE04EC0-301F-11D3-BF4B-00C04F79EFBC}") = "KangaModeling.GuiRunner", "KangaModeling.GuiRunner\KangaModeling.GuiRunner.csproj", "{77312AEB-91AB-4209-8113-AD115CB1A866}"
EndProject
Project("{FAE04EC0-301F-11D3-BF4B-00C04F79EFBC}") = "KangaModeling.Graphics.GdiPlus", "KangaModeling.Graphics.GdiPlus\KangaModeling.Graphics.GdiPlus.csproj", "{83298B5F-99D8-47B8-8C6E-C260509A77AA}"
EndProject
Project("{FAE04EC0-301F-11D3-BF4B-00C04F79EFBC}") = "KangaModeling.Graphics", "KangaModeling.Graphics\KangaModeling.Graphics.csproj", "{3F1A9174-8957-4963-8476-DE00B0F25238}"
EndProject
Project("{FAE04EC0-301F-11D3-BF4B-00C04F79EFBC}") = "KangaModeling.Visuals", "KangaModeling.Visuals\KangaModeling.Visuals.csproj", "{600612BA-558D-4B21-A8FA-6CBD4471C8E1}"
EndProject
Project("{FAE04EC0-301F-11D3-BF4B-00C04F79EFBC}") = "KangaModeling.CommandLineRunner", "KangaModeling.CommandLineRunner\KangaModeling.CommandLineRunner.csproj", "{9E4FDDD1-5CCA-4793-ACAC-F6B0ABD57BC5}"
EndProject
Project("{FAE04EC0-301F-11D3-BF4B-00C04F79EFBC}") = "KangaModeling.Visuals.Test", "KangaModeling.Visuals.Test\KangaModeling.Visuals.Test.csproj", "{3E0599A5-94B0-4D13-AB4B-D4A22A07C8D1}"
EndProject
Project("{FAE04EC0-301F-11D3-BF4B-00C04F79EFBC}") = "KangaModeling.WebRunner", "KangaModeling.WebRunner\KangaModeling.WebRunner.csproj", "{A5CB1DE5-BBB1-47BB-967E-06749A382D21}"
EndProject
Global
	GlobalSection(SolutionConfigurationPlatforms) = preSolution
		Debug|Any CPU = Debug|Any CPU
		Debug|Mixed Platforms = Debug|Mixed Platforms
		Debug|x86 = Debug|x86
		Release|Any CPU = Release|Any CPU
		Release|Mixed Platforms = Release|Mixed Platforms
		Release|x86 = Release|x86
	EndGlobalSection
	GlobalSection(ProjectConfigurationPlatforms) = postSolution
		{397211EE-513B-428C-81DE-B9739B113170}.Debug|Any CPU.ActiveCfg = Debug|Any CPU
		{397211EE-513B-428C-81DE-B9739B113170}.Debug|Any CPU.Build.0 = Debug|Any CPU
		{397211EE-513B-428C-81DE-B9739B113170}.Debug|Mixed Platforms.ActiveCfg = Debug|Any CPU
		{397211EE-513B-428C-81DE-B9739B113170}.Debug|Mixed Platforms.Build.0 = Debug|Any CPU
		{397211EE-513B-428C-81DE-B9739B113170}.Debug|x86.ActiveCfg = Debug|Any CPU
		{397211EE-513B-428C-81DE-B9739B113170}.Release|Any CPU.ActiveCfg = Release|Any CPU
		{397211EE-513B-428C-81DE-B9739B113170}.Release|Any CPU.Build.0 = Release|Any CPU
		{397211EE-513B-428C-81DE-B9739B113170}.Release|Mixed Platforms.ActiveCfg = Release|Any CPU
		{397211EE-513B-428C-81DE-B9739B113170}.Release|Mixed Platforms.Build.0 = Release|Any CPU
		{397211EE-513B-428C-81DE-B9739B113170}.Release|x86.ActiveCfg = Release|Any CPU
		{6D912773-33FC-4E1F-AAD3-803B4C054865}.Debug|Any CPU.ActiveCfg = Debug|Any CPU
		{6D912773-33FC-4E1F-AAD3-803B4C054865}.Debug|Any CPU.Build.0 = Debug|Any CPU
		{6D912773-33FC-4E1F-AAD3-803B4C054865}.Debug|Mixed Platforms.ActiveCfg = Debug|Any CPU
		{6D912773-33FC-4E1F-AAD3-803B4C054865}.Debug|Mixed Platforms.Build.0 = Debug|Any CPU
		{6D912773-33FC-4E1F-AAD3-803B4C054865}.Debug|x86.ActiveCfg = Debug|Any CPU
		{6D912773-33FC-4E1F-AAD3-803B4C054865}.Release|Any CPU.ActiveCfg = Release|Any CPU
		{6D912773-33FC-4E1F-AAD3-803B4C054865}.Release|Any CPU.Build.0 = Release|Any CPU
		{6D912773-33FC-4E1F-AAD3-803B4C054865}.Release|Mixed Platforms.ActiveCfg = Release|Any CPU
		{6D912773-33FC-4E1F-AAD3-803B4C054865}.Release|Mixed Platforms.Build.0 = Release|Any CPU
		{6D912773-33FC-4E1F-AAD3-803B4C054865}.Release|x86.ActiveCfg = Release|Any CPU
		{77312AEB-91AB-4209-8113-AD115CB1A866}.Debug|Any CPU.ActiveCfg = Debug|x86
		{77312AEB-91AB-4209-8113-AD115CB1A866}.Debug|Any CPU.Build.0 = Debug|x86
		{77312AEB-91AB-4209-8113-AD115CB1A866}.Debug|Mixed Platforms.ActiveCfg = Debug|x86
		{77312AEB-91AB-4209-8113-AD115CB1A866}.Debug|Mixed Platforms.Build.0 = Debug|x86
		{77312AEB-91AB-4209-8113-AD115CB1A866}.Debug|x86.ActiveCfg = Debug|x86
		{77312AEB-91AB-4209-8113-AD115CB1A866}.Debug|x86.Build.0 = Debug|x86
		{77312AEB-91AB-4209-8113-AD115CB1A866}.Release|Any CPU.ActiveCfg = Release|x86
		{77312AEB-91AB-4209-8113-AD115CB1A866}.Release|Mixed Platforms.ActiveCfg = Release|x86
		{77312AEB-91AB-4209-8113-AD115CB1A866}.Release|Mixed Platforms.Build.0 = Release|x86
		{77312AEB-91AB-4209-8113-AD115CB1A866}.Release|x86.ActiveCfg = Release|x86
		{77312AEB-91AB-4209-8113-AD115CB1A866}.Release|x86.Build.0 = Release|x86
		{83298B5F-99D8-47B8-8C6E-C260509A77AA}.Debug|Any CPU.ActiveCfg = Debug|Any CPU
		{83298B5F-99D8-47B8-8C6E-C260509A77AA}.Debug|Any CPU.Build.0 = Debug|Any CPU
		{83298B5F-99D8-47B8-8C6E-C260509A77AA}.Debug|Mixed Platforms.ActiveCfg = Debug|Any CPU
		{83298B5F-99D8-47B8-8C6E-C260509A77AA}.Debug|Mixed Platforms.Build.0 = Debug|Any CPU
		{83298B5F-99D8-47B8-8C6E-C260509A77AA}.Debug|x86.ActiveCfg = Debug|Any CPU
		{83298B5F-99D8-47B8-8C6E-C260509A77AA}.Release|Any CPU.ActiveCfg = Release|Any CPU
		{83298B5F-99D8-47B8-8C6E-C260509A77AA}.Release|Any CPU.Build.0 = Release|Any CPU
		{83298B5F-99D8-47B8-8C6E-C260509A77AA}.Release|Mixed Platforms.ActiveCfg = Release|Any CPU
		{83298B5F-99D8-47B8-8C6E-C260509A77AA}.Release|Mixed Platforms.Build.0 = Release|Any CPU
		{83298B5F-99D8-47B8-8C6E-C260509A77AA}.Release|x86.ActiveCfg = Release|Any CPU
		{3F1A9174-8957-4963-8476-DE00B0F25238}.Debug|Any CPU.ActiveCfg = Debug|Any CPU
		{3F1A9174-8957-4963-8476-DE00B0F25238}.Debug|Any CPU.Build.0 = Debug|Any CPU
		{3F1A9174-8957-4963-8476-DE00B0F25238}.Debug|Mixed Platforms.ActiveCfg = Debug|Any CPU
		{3F1A9174-8957-4963-8476-DE00B0F25238}.Debug|Mixed Platforms.Build.0 = Debug|Any CPU
		{3F1A9174-8957-4963-8476-DE00B0F25238}.Debug|x86.ActiveCfg = Debug|Any CPU
		{3F1A9174-8957-4963-8476-DE00B0F25238}.Release|Any CPU.ActiveCfg = Release|Any CPU
		{3F1A9174-8957-4963-8476-DE00B0F25238}.Release|Any CPU.Build.0 = Release|Any CPU
		{3F1A9174-8957-4963-8476-DE00B0F25238}.Release|Mixed Platforms.ActiveCfg = Release|Any CPU
		{3F1A9174-8957-4963-8476-DE00B0F25238}.Release|Mixed Platforms.Build.0 = Release|Any CPU
		{3F1A9174-8957-4963-8476-DE00B0F25238}.Release|x86.ActiveCfg = Release|Any CPU
		{600612BA-558D-4B21-A8FA-6CBD4471C8E1}.Debug|Any CPU.ActiveCfg = Debug|Any CPU
		{600612BA-558D-4B21-A8FA-6CBD4471C8E1}.Debug|Any CPU.Build.0 = Debug|Any CPU
		{600612BA-558D-4B21-A8FA-6CBD4471C8E1}.Debug|Mixed Platforms.ActiveCfg = Debug|Any CPU
		{600612BA-558D-4B21-A8FA-6CBD4471C8E1}.Debug|Mixed Platforms.Build.0 = Debug|Any CPU
		{600612BA-558D-4B21-A8FA-6CBD4471C8E1}.Debug|x86.ActiveCfg = Debug|Any CPU
		{600612BA-558D-4B21-A8FA-6CBD4471C8E1}.Release|Any CPU.ActiveCfg = Release|Any CPU
		{600612BA-558D-4B21-A8FA-6CBD4471C8E1}.Release|Any CPU.Build.0 = Release|Any CPU
		{600612BA-558D-4B21-A8FA-6CBD4471C8E1}.Release|Mixed Platforms.ActiveCfg = Release|Any CPU
		{600612BA-558D-4B21-A8FA-6CBD4471C8E1}.Release|Mixed Platforms.Build.0 = Release|Any CPU
		{600612BA-558D-4B21-A8FA-6CBD4471C8E1}.Release|x86.ActiveCfg = Release|Any CPU
		{9E4FDDD1-5CCA-4793-ACAC-F6B0ABD57BC5}.Debug|Any CPU.ActiveCfg = Debug|Any CPU
		{9E4FDDD1-5CCA-4793-ACAC-F6B0ABD57BC5}.Debug|Any CPU.Build.0 = Debug|Any CPU
		{9E4FDDD1-5CCA-4793-ACAC-F6B0ABD57BC5}.Debug|Mixed Platforms.ActiveCfg = Debug|Any CPU
		{9E4FDDD1-5CCA-4793-ACAC-F6B0ABD57BC5}.Debug|Mixed Platforms.Build.0 = Debug|Any CPU
		{9E4FDDD1-5CCA-4793-ACAC-F6B0ABD57BC5}.Debug|x86.ActiveCfg = Debug|Any CPU
		{9E4FDDD1-5CCA-4793-ACAC-F6B0ABD57BC5}.Release|Any CPU.ActiveCfg = Release|Any CPU
		{9E4FDDD1-5CCA-4793-ACAC-F6B0ABD57BC5}.Release|Any CPU.Build.0 = Release|Any CPU
		{9E4FDDD1-5CCA-4793-ACAC-F6B0ABD57BC5}.Release|Mixed Platforms.ActiveCfg = Release|Any CPU
		{9E4FDDD1-5CCA-4793-ACAC-F6B0ABD57BC5}.Release|Mixed Platforms.Build.0 = Release|Any CPU
		{9E4FDDD1-5CCA-4793-ACAC-F6B0ABD57BC5}.Release|x86.ActiveCfg = Release|Any CPU
		{3E0599A5-94B0-4D13-AB4B-D4A22A07C8D1}.Debug|Any CPU.ActiveCfg = Debug|Any CPU
		{3E0599A5-94B0-4D13-AB4B-D4A22A07C8D1}.Debug|Any CPU.Build.0 = Debug|Any CPU
		{3E0599A5-94B0-4D13-AB4B-D4A22A07C8D1}.Debug|Mixed Platforms.ActiveCfg = Debug|Any CPU
		{3E0599A5-94B0-4D13-AB4B-D4A22A07C8D1}.Debug|Mixed Platforms.Build.0 = Debug|Any CPU
		{3E0599A5-94B0-4D13-AB4B-D4A22A07C8D1}.Debug|x86.ActiveCfg = Debug|Any CPU
		{3E0599A5-94B0-4D13-AB4B-D4A22A07C8D1}.Release|Any CPU.ActiveCfg = Release|Any CPU
		{3E0599A5-94B0-4D13-AB4B-D4A22A07C8D1}.Release|Any CPU.Build.0 = Release|Any CPU
		{3E0599A5-94B0-4D13-AB4B-D4A22A07C8D1}.Release|Mixed Platforms.ActiveCfg = Release|Any CPU
		{3E0599A5-94B0-4D13-AB4B-D4A22A07C8D1}.Release|Mixed Platforms.Build.0 = Release|Any CPU
		{3E0599A5-94B0-4D13-AB4B-D4A22A07C8D1}.Release|x86.ActiveCfg = Release|Any CPU
		{A5CB1DE5-BBB1-47BB-967E-06749A382D21}.Debug|Any CPU.ActiveCfg = Debug|Any CPU
		{A5CB1DE5-BBB1-47BB-967E-06749A382D21}.Debug|Any CPU.Build.0 = Debug|Any CPU
		{A5CB1DE5-BBB1-47BB-967E-06749A382D21}.Debug|Mixed Platforms.ActiveCfg = Debug|Any CPU
		{A5CB1DE5-BBB1-47BB-967E-06749A382D21}.Debug|Mixed Platforms.Build.0 = Debug|Any CPU
		{A5CB1DE5-BBB1-47BB-967E-06749A382D21}.Debug|x86.ActiveCfg = Debug|Any CPU
		{A5CB1DE5-BBB1-47BB-967E-06749A382D21}.Release|Any CPU.ActiveCfg = Release|Any CPU
		{A5CB1DE5-BBB1-47BB-967E-06749A382D21}.Release|Any CPU.Build.0 = Release|Any CPU
		{A5CB1DE5-BBB1-47BB-967E-06749A382D21}.Release|Mixed Platforms.ActiveCfg = Release|Any CPU
		{A5CB1DE5-BBB1-47BB-967E-06749A382D21}.Release|Mixed Platforms.Build.0 = Release|Any CPU
		{A5CB1DE5-BBB1-47BB-967E-06749A382D21}.Release|x86.ActiveCfg = Release|Any CPU
	EndGlobalSection
	GlobalSection(SolutionProperties) = preSolution
		HideSolutionNode = FALSE
	EndGlobalSection
	GlobalSection(NestedProjects) = preSolution
		{397211EE-513B-428C-81DE-B9739B113170} = {A7D2EFF2-9234-4529-BFF5-6C01A6893A1A}
		{6D912773-33FC-4E1F-AAD3-803B4C054865} = {A7D2EFF2-9234-4529-BFF5-6C01A6893A1A}
		{83298B5F-99D8-47B8-8C6E-C260509A77AA} = {BBF5AB3C-A94B-410F-B68C-8C4CCB5159BA}
		{3F1A9174-8957-4963-8476-DE00B0F25238} = {BBF5AB3C-A94B-410F-B68C-8C4CCB5159BA}
		{600612BA-558D-4B21-A8FA-6CBD4471C8E1} = {BBF5AB3C-A94B-410F-B68C-8C4CCB5159BA}
		{3E0599A5-94B0-4D13-AB4B-D4A22A07C8D1} = {BBF5AB3C-A94B-410F-B68C-8C4CCB5159BA}
		{77312AEB-91AB-4209-8113-AD115CB1A866} = {3517360B-7BE8-465D-AE4D-1B95A45E934E}
		{9E4FDDD1-5CCA-4793-ACAC-F6B0ABD57BC5} = {3517360B-7BE8-465D-AE4D-1B95A45E934E}
		{A5CB1DE5-BBB1-47BB-967E-06749A382D21} = {3517360B-7BE8-465D-AE4D-1B95A45E934E}
	EndGlobalSection
	GlobalSection(MonoDevelopProperties) = preSolution
		StartupItem = KangaModeling.Compiler.Test\KangaModeling.Compiler.Test.csproj
		Policies = $0
		$0.DotNetNamingPolicy = $1
		$1.DirectoryNamespaceAssociation = None
		$1.ResourceNamePolicy = FileFormatDefault
		$0.TextStylePolicy = $2
		$2.inheritsSet = null
		$2.scope = text/x-csharp
		$0.CSharpFormattingPolicy = $3
		$3.inheritsSet = Mono
		$3.inheritsScope = text/x-csharp
		$3.scope = text/x-csharp
	EndGlobalSection
EndGlobal
